
Microsoft Visual Studio Solution File, Format Version 12.00
# Visual Studio 15
Project("{FAE04EC0-301F-11D3-BF4B-00C04F79EFBC}") = "UnityEngine.TestRunner", "UnityEngine.TestRunner.csproj", "{55E43548-813E-470E-D7E5-4A45CFA894D1}"
EndProject
Project("{FAE04EC0-301F-11D3-BF4B-00C04F79EFBC}") = "Unity.Timeline", "Unity.Timeline.csproj", "{894DE280-8A74-411C-B803-88A9AE06B012}"
EndProject
Project("{FAE04EC0-301F-11D3-BF4B-00C04F79EFBC}") = "UnityEngine.UI", "UnityEngine.UI.csproj", "{420367D8-DAFD-CCAB-2B25-431A2C3DAA15}"
EndProject
Project("{FAE04EC0-301F-11D3-BF4B-00C04F79EFBC}") = "Cinemachine", "Cinemachine.csproj", "{F8C7A7EA-9CB8-1542-271C-74F0B02DD394}"
EndProject
Project("{FAE04EC0-301F-11D3-BF4B-00C04F79EFBC}") = "Assembly-CSharp", "Assembly-CSharp.csproj", "{504E1C3E-4AFB-7D80-74D4-332487AF862D}"
EndProject
Project("{FAE04EC0-301F-11D3-BF4B-00C04F79EFBC}") = "Unity.TextMeshPro", "Unity.TextMeshPro.csproj", "{8EF356E3-33ED-10E1-ADCA-2FE249E1105B}"
EndProject
Project("{FAE04EC0-301F-11D3-BF4B-00C04F79EFBC}") = "UnityEditor.TestRunner", "UnityEditor.TestRunner.csproj", "{9825F124-C2BE-AC9D-75B1-400FF19CCA41}"
EndProject
Project("{FAE04EC0-301F-11D3-BF4B-00C04F79EFBC}") = "Unity.PlasticSCM.Editor", "Unity.PlasticSCM.Editor.csproj", "{91F48309-E6EA-45DA-4E1D-169D8ED32A34}"
EndProject
Project("{FAE04EC0-301F-11D3-BF4B-00C04F79EFBC}") = "UnityEditor.UI", "UnityEditor.UI.csproj", "{EE5EE866-0D09-7E65-3E7D-DD769AEBCDDE}"
EndProject
Project("{FAE04EC0-301F-11D3-BF4B-00C04F79EFBC}") = "Unity.Services.Core.Editor", "Unity.Services.Core.Editor.csproj", "{2A9F5F03-CA8C-9909-5E61-DFA03358BDDE}"
EndProject
Project("{FAE04EC0-301F-11D3-BF4B-00C04F79EFBC}") = "Unity.Timeline.Editor", "Unity.Timeline.Editor.csproj", "{3ECFE324-9372-00BE-888A-FE0D29DAF5DC}"
EndProject
Project("{FAE04EC0-301F-11D3-BF4B-00C04F79EFBC}") = "Unity.VisualStudio.Editor", "Unity.VisualStudio.Editor.csproj", "{907875C9-814E-00FF-92FF-4EB06F57BBF1}"
EndProject
Project("{FAE04EC0-301F-11D3-BF4B-00C04F79EFBC}") = "com.unity.cinemachine.editor", "com.unity.cinemachine.editor.csproj", "{FEA29D11-6868-707A-8AF7-3E875CC6C22F}"
EndProject
Project("{FAE04EC0-301F-11D3-BF4B-00C04F79EFBC}") = "Unity.TextMeshPro.Editor", "Unity.TextMeshPro.Editor.csproj", "{63EE3FFB-2C02-F9EA-BCFE-9849699C83C6}"
EndProject
Project("{FAE04EC0-301F-11D3-BF4B-00C04F79EFBC}") = "Unity.CollabProxy.Editor", "Unity.CollabProxy.Editor.csproj", "{0ECFD7A1-93FC-BB0E-57CE-583F607A3E80}"
EndProject
Project("{FAE04EC0-301F-11D3-BF4B-00C04F79EFBC}") = "Unity.Rider.Editor", "Unity.Rider.Editor.csproj", "{FA27DBA2-371D-7A90-0E75-926E79BD82A8}"
EndProject
Project("{FAE04EC0-301F-11D3-BF4B-00C04F79EFBC}") = "Unity.VSCode.Editor", "Unity.VSCode.Editor.csproj", "{21D36F2D-3789-4845-6F9D-A054DFDF06D0}"
EndProject
Project("{FAE04EC0-301F-11D3-BF4B-00C04F79EFBC}") = "UnityEngine.TestRunner", "UnityEngine.TestRunner.Player.csproj", "{AECE7808-5709-6E98-4D6D-A6BA9145129D}"
EndProject
Project("{FAE04EC0-301F-11D3-BF4B-00C04F79EFBC}") = "Unity.Timeline", "Unity.Timeline.Player.csproj", "{1E57F2B8-531D-F166-C975-DE63D3C44F55}"
EndProject
Project("{FAE04EC0-301F-11D3-BF4B-00C04F79EFBC}") = "UnityEngine.UI", "UnityEngine.UI.Player.csproj", "{8598C98F-4FF1-8394-DDE7-B4AA5B194210}"
EndProject
Project("{FAE04EC0-301F-11D3-BF4B-00C04F79EFBC}") = "Cinemachine", "Cinemachine.Player.csproj", "{A8155880-545A-CC0D-AB97-C2ABA889E9E9}"
EndProject
Project("{FAE04EC0-301F-11D3-BF4B-00C04F79EFBC}") = "Assembly-CSharp", "Assembly-CSharp.Player.csproj", "{D1CE9CD0-7324-B373-99BA-FB60FEDC8948}"
EndProject
Project("{FAE04EC0-301F-11D3-BF4B-00C04F79EFBC}") = "Unity.TextMeshPro", "Unity.TextMeshPro.Player.csproj", "{BBD84A65-BD91-DC35-0E70-0B0A5AF0C5AD}"
EndProject
Global
	GlobalSection(SolutionConfigurationPlatforms) = preSolution
		Debug|Any CPU = Debug|Any CPU
		Release|Any CPU = Release|Any CPU
	EndGlobalSection
	GlobalSection(ProjectConfigurationPlatforms) = postSolution
		{55E43548-813E-470E-D7E5-4A45CFA894D1}.Debug|Any CPU.ActiveCfg = Debug|Any CPU
		{55E43548-813E-470E-D7E5-4A45CFA894D1}.Debug|Any CPU.Build.0 = Debug|Any CPU
		{55E43548-813E-470E-D7E5-4A45CFA894D1}.Release|Any CPU.ActiveCfg = Release|Any CPU
		{55E43548-813E-470E-D7E5-4A45CFA894D1}.Release|Any CPU.Build.0 = Release|Any CPU
		{894DE280-8A74-411C-B803-88A9AE06B012}.Debug|Any CPU.ActiveCfg = Debug|Any CPU
		{894DE280-8A74-411C-B803-88A9AE06B012}.Debug|Any CPU.Build.0 = Debug|Any CPU
		{894DE280-8A74-411C-B803-88A9AE06B012}.Release|Any CPU.ActiveCfg = Release|Any CPU
		{894DE280-8A74-411C-B803-88A9AE06B012}.Release|Any CPU.Build.0 = Release|Any CPU
		{420367D8-DAFD-CCAB-2B25-431A2C3DAA15}.Debug|Any CPU.ActiveCfg = Debug|Any CPU
		{420367D8-DAFD-CCAB-2B25-431A2C3DAA15}.Debug|Any CPU.Build.0 = Debug|Any CPU
		{420367D8-DAFD-CCAB-2B25-431A2C3DAA15}.Release|Any CPU.ActiveCfg = Release|Any CPU
		{420367D8-DAFD-CCAB-2B25-431A2C3DAA15}.Release|Any CPU.Build.0 = Release|Any CPU
		{F8C7A7EA-9CB8-1542-271C-74F0B02DD394}.Debug|Any CPU.ActiveCfg = Debug|Any CPU
		{F8C7A7EA-9CB8-1542-271C-74F0B02DD394}.Debug|Any CPU.Build.0 = Debug|Any CPU
		{F8C7A7EA-9CB8-1542-271C-74F0B02DD394}.Release|Any CPU.ActiveCfg = Release|Any CPU
		{F8C7A7EA-9CB8-1542-271C-74F0B02DD394}.Release|Any CPU.Build.0 = Release|Any CPU
		{504E1C3E-4AFB-7D80-74D4-332487AF862D}.Debug|Any CPU.ActiveCfg = Debug|Any CPU
		{504E1C3E-4AFB-7D80-74D4-332487AF862D}.Debug|Any CPU.Build.0 = Debug|Any CPU
		{504E1C3E-4AFB-7D80-74D4-332487AF862D}.Release|Any CPU.ActiveCfg = Release|Any CPU
		{504E1C3E-4AFB-7D80-74D4-332487AF862D}.Release|Any CPU.Build.0 = Release|Any CPU
		{8EF356E3-33ED-10E1-ADCA-2FE249E1105B}.Debug|Any CPU.ActiveCfg = Debug|Any CPU
		{8EF356E3-33ED-10E1-ADCA-2FE249E1105B}.Debug|Any CPU.Build.0 = Debug|Any CPU
		{8EF356E3-33ED-10E1-ADCA-2FE249E1105B}.Release|Any CPU.ActiveCfg = Release|Any CPU
		{8EF356E3-33ED-10E1-ADCA-2FE249E1105B}.Release|Any CPU.Build.0 = Release|Any CPU
		{9825F124-C2BE-AC9D-75B1-400FF19CCA41}.Debug|Any CPU.ActiveCfg = Debug|Any CPU
		{9825F124-C2BE-AC9D-75B1-400FF19CCA41}.Debug|Any CPU.Build.0 = Debug|Any CPU
		{9825F124-C2BE-AC9D-75B1-400FF19CCA41}.Release|Any CPU.ActiveCfg = Release|Any CPU
		{9825F124-C2BE-AC9D-75B1-400FF19CCA41}.Release|Any CPU.Build.0 = Release|Any CPU
		{91F48309-E6EA-45DA-4E1D-169D8ED32A34}.Debug|Any CPU.ActiveCfg = Debug|Any CPU
		{91F48309-E6EA-45DA-4E1D-169D8ED32A34}.Debug|Any CPU.Build.0 = Debug|Any CPU
		{91F48309-E6EA-45DA-4E1D-169D8ED32A34}.Release|Any CPU.ActiveCfg = Release|Any CPU
		{91F48309-E6EA-45DA-4E1D-169D8ED32A34}.Release|Any CPU.Build.0 = Release|Any CPU
		{EE5EE866-0D09-7E65-3E7D-DD769AEBCDDE}.Debug|Any CPU.ActiveCfg = Debug|Any CPU
		{EE5EE866-0D09-7E65-3E7D-DD769AEBCDDE}.Debug|Any CPU.Build.0 = Debug|Any CPU
		{EE5EE866-0D09-7E65-3E7D-DD769AEBCDDE}.Release|Any CPU.ActiveCfg = Release|Any CPU
		{EE5EE866-0D09-7E65-3E7D-DD769AEBCDDE}.Release|Any CPU.Build.0 = Release|Any CPU
		{2A9F5F03-CA8C-9909-5E61-DFA03358BDDE}.Debug|Any CPU.ActiveCfg = Debug|Any CPU
		{2A9F5F03-CA8C-9909-5E61-DFA03358BDDE}.Debug|Any CPU.Build.0 = Debug|Any CPU
		{2A9F5F03-CA8C-9909-5E61-DFA03358BDDE}.Release|Any CPU.ActiveCfg = Release|Any CPU
		{2A9F5F03-CA8C-9909-5E61-DFA03358BDDE}.Release|Any CPU.Build.0 = Release|Any CPU
		{3ECFE324-9372-00BE-888A-FE0D29DAF5DC}.Debug|Any CPU.ActiveCfg = Debug|Any CPU
		{3ECFE324-9372-00BE-888A-FE0D29DAF5DC}.Debug|Any CPU.Build.0 = Debug|Any CPU
		{3ECFE324-9372-00BE-888A-FE0D29DAF5DC}.Release|Any CPU.ActiveCfg = Release|Any CPU
		{3ECFE324-9372-00BE-888A-FE0D29DAF5DC}.Release|Any CPU.Build.0 = Release|Any CPU
		{907875C9-814E-00FF-92FF-4EB06F57BBF1}.Debug|Any CPU.ActiveCfg = Debug|Any CPU
		{907875C9-814E-00FF-92FF-4EB06F57BBF1}.Debug|Any CPU.Build.0 = Debug|Any CPU
		{907875C9-814E-00FF-92FF-4EB06F57BBF1}.Release|Any CPU.ActiveCfg = Release|Any CPU
		{907875C9-814E-00FF-92FF-4EB06F57BBF1}.Release|Any CPU.Build.0 = Release|Any CPU
		{FEA29D11-6868-707A-8AF7-3E875CC6C22F}.Debug|Any CPU.ActiveCfg = Debug|Any CPU
		{FEA29D11-6868-707A-8AF7-3E875CC6C22F}.Debug|Any CPU.Build.0 = Debug|Any CPU
		{FEA29D11-6868-707A-8AF7-3E875CC6C22F}.Release|Any CPU.ActiveCfg = Release|Any CPU
		{FEA29D11-6868-707A-8AF7-3E875CC6C22F}.Release|Any CPU.Build.0 = Release|Any CPU
		{63EE3FFB-2C02-F9EA-BCFE-9849699C83C6}.Debug|Any CPU.ActiveCfg = Debug|Any CPU
		{63EE3FFB-2C02-F9EA-BCFE-9849699C83C6}.Debug|Any CPU.Build.0 = Debug|Any CPU
		{63EE3FFB-2C02-F9EA-BCFE-9849699C83C6}.Release|Any CPU.ActiveCfg = Release|Any CPU
		{63EE3FFB-2C02-F9EA-BCFE-9849699C83C6}.Release|Any CPU.Build.0 = Release|Any CPU
		{0ECFD7A1-93FC-BB0E-57CE-583F607A3E80}.Debug|Any CPU.ActiveCfg = Debug|Any CPU
		{0ECFD7A1-93FC-BB0E-57CE-583F607A3E80}.Debug|Any CPU.Build.0 = Debug|Any CPU
		{0ECFD7A1-93FC-BB0E-57CE-583F607A3E80}.Release|Any CPU.ActiveCfg = Release|Any CPU
		{0ECFD7A1-93FC-BB0E-57CE-583F607A3E80}.Release|Any CPU.Build.0 = Release|Any CPU
		{FA27DBA2-371D-7A90-0E75-926E79BD82A8}.Debug|Any CPU.ActiveCfg = Debug|Any CPU
		{FA27DBA2-371D-7A90-0E75-926E79BD82A8}.Debug|Any CPU.Build.0 = Debug|Any CPU
		{FA27DBA2-371D-7A90-0E75-926E79BD82A8}.Release|Any CPU.ActiveCfg = Release|Any CPU
		{FA27DBA2-371D-7A90-0E75-926E79BD82A8}.Release|Any CPU.Build.0 = Release|Any CPU
		{21D36F2D-3789-4845-6F9D-A054DFDF06D0}.Debug|Any CPU.ActiveCfg = Debug|Any CPU
		{21D36F2D-3789-4845-6F9D-A054DFDF06D0}.Debug|Any CPU.Build.0 = Debug|Any CPU
		{21D36F2D-3789-4845-6F9D-A054DFDF06D0}.Release|Any CPU.ActiveCfg = Release|Any CPU
		{21D36F2D-3789-4845-6F9D-A054DFDF06D0}.Release|Any CPU.Build.0 = Release|Any CPU
		{AECE7808-5709-6E98-4D6D-A6BA9145129D}.Debug|Any CPU.ActiveCfg = Debug|Any CPU
		{AECE7808-5709-6E98-4D6D-A6BA9145129D}.Debug|Any CPU.Build.0 = Debug|Any CPU
		{AECE7808-5709-6E98-4D6D-A6BA9145129D}.Release|Any CPU.ActiveCfg = Release|Any CPU
		{AECE7808-5709-6E98-4D6D-A6BA9145129D}.Release|Any CPU.Build.0 = Release|Any CPU
		{1E57F2B8-531D-F166-C975-DE63D3C44F55}.Debug|Any CPU.ActiveCfg = Debug|Any CPU
		{1E57F2B8-531D-F166-C975-DE63D3C44F55}.Debug|Any CPU.Build.0 = Debug|Any CPU
		{1E57F2B8-531D-F166-C975-DE63D3C44F55}.Release|Any CPU.ActiveCfg = Release|Any CPU
		{1E57F2B8-531D-F166-C975-DE63D3C44F55}.Release|Any CPU.Build.0 = Release|Any CPU
		{8598C98F-4FF1-8394-DDE7-B4AA5B194210}.Debug|Any CPU.ActiveCfg = Debug|Any CPU
		{8598C98F-4FF1-8394-DDE7-B4AA5B194210}.Debug|Any CPU.Build.0 = Debug|Any CPU
		{8598C98F-4FF1-8394-DDE7-B4AA5B194210}.Release|Any CPU.ActiveCfg = Release|Any CPU
		{8598C98F-4FF1-8394-DDE7-B4AA5B194210}.Release|Any CPU.Build.0 = Release|Any CPU
		{A8155880-545A-CC0D-AB97-C2ABA889E9E9}.Debug|Any CPU.ActiveCfg = Debug|Any CPU
		{A8155880-545A-CC0D-AB97-C2ABA889E9E9}.Debug|Any CPU.Build.0 = Debug|Any CPU
		{A8155880-545A-CC0D-AB97-C2ABA889E9E9}.Release|Any CPU.ActiveCfg = Release|Any CPU
		{A8155880-545A-CC0D-AB97-C2ABA889E9E9}.Release|Any CPU.Build.0 = Release|Any CPU
		{D1CE9CD0-7324-B373-99BA-FB60FEDC8948}.Debug|Any CPU.ActiveCfg = Debug|Any CPU
		{D1CE9CD0-7324-B373-99BA-FB60FEDC8948}.Debug|Any CPU.Build.0 = Debug|Any CPU
		{D1CE9CD0-7324-B373-99BA-FB60FEDC8948}.Release|Any CPU.ActiveCfg = Release|Any CPU
		{D1CE9CD0-7324-B373-99BA-FB60FEDC8948}.Release|Any CPU.Build.0 = Release|Any CPU
		{BBD84A65-BD91-DC35-0E70-0B0A5AF0C5AD}.Debug|Any CPU.ActiveCfg = Debug|Any CPU
		{BBD84A65-BD91-DC35-0E70-0B0A5AF0C5AD}.Debug|Any CPU.Build.0 = Debug|Any CPU
		{BBD84A65-BD91-DC35-0E70-0B0A5AF0C5AD}.Release|Any CPU.ActiveCfg = Release|Any CPU
		{BBD84A65-BD91-DC35-0E70-0B0A5AF0C5AD}.Release|Any CPU.Build.0 = Release|Any CPU
	EndGlobalSection
	GlobalSection(SolutionProperties) = preSolution
		HideSolutionNode = FALSE
	EndGlobalSection
EndGlobal
